
Microsoft Visual Studio Solution File, Format Version 10.00
# Visual Studio 2008
Project("{FAE04EC0-301F-11D3-BF4B-00C04F79EFBC}") = "LoadingAnimation", "LoadingAnimation.csproj", "{F8B1CBF5-B9CC-4475-B090-1653C2632991}"
EndProject
Global
	GlobalSection(SolutionConfigurationPlatforms) = preSolution
		Debug|Any CPU = Debug|Any CPU
		Release|Any CPU = Release|Any CPU
	EndGlobalSection
	GlobalSection(ProjectConfigurationPlatforms) = postSolution
		{F8B1CBF5-B9CC-4475-B090-1653C2632991}.Debug|Any CPU.ActiveCfg = Debug|Any CPU
		{F8B1CBF5-B9CC-4475-B090-1653C2632991}.Debug|Any CPU.Build.0 = Debug|Any CPU
		{F8B1CBF5-B9CC-4475-B090-1653C2632991}.Release|Any CPU.ActiveCfg = Release|Any CPU
		{F8B1CBF5-B9CC-4475-B090-1653C2632991}.Release|Any CPU.Build.0 = Release|Any CPU
	EndGlobalSection
	GlobalSection(SolutionProperties) = preSolution
		HideSolutionNode = FALSE
	EndGlobalSection
EndGlobal
